
Microsoft Visual Studio Solution File, Format Version 12.00
# Visual Studio Version 17
VisualStudioVersion = 17.3.32819.101
MinimumVisualStudioVersion = 10.0.40219.1
Project("{9A19103F-16F7-4668-BE54-9A1E7A4F7556}") = "Task10.01", "Task10.01\Task10.01.csproj", "{7394D080-BCDF-4A41-BA6B-528B6FA97A54}"
EndProject
Project("{9A19103F-16F7-4668-BE54-9A1E7A4F7556}") = "Task10.02", "Task10.02\Task10.02.csproj", "{52C384C7-7AEC-45F8-9E1A-9479A429419E}"
EndProject
Project("{9A19103F-16F7-4668-BE54-9A1E7A4F7556}") = "Task10.03", "Task10.03\Task10.03.csproj", "{3D70BB9B-A0A9-432E-A8BD-49E546F0B786}"
EndProject
Project("{9A19103F-16F7-4668-BE54-9A1E7A4F7556}") = "Task10.04", "Task10.4\Task10.04.csproj", "{A10EA6ED-D3FC-4704-B53C-ADA3C22F2C62}"
EndProject
Project("{9A19103F-16F7-4668-BE54-9A1E7A4F7556}") = "Task10.05", "Task10.05\Task10.05.csproj", "{ADB0E39E-448A-4A09-98B6-F77DF1754E9F}"
EndProject
Project("{9A19103F-16F7-4668-BE54-9A1E7A4F7556}") = "Task10.06", "Task10.06\Task10.06.csproj", "{4EDDA594-AEED-4375-80C6-CBDD57723E10}"
EndProject
Project("{FAE04EC0-301F-11D3-BF4B-00C04F79EFBC}") = "Task10.08", "Task10.08\Task10.08.csproj", "{4FC84C70-47A0-49FF-873B-76F4CD9D49FD}"
EndProject
Project("{FAE04EC0-301F-11D3-BF4B-00C04F79EFBC}") = "Task10.11", "Task10.11\Task10.11.csproj", "{BD7FA610-7A8B-41C8-8387-47892BF9F95B}"
EndProject
Project("{FAE04EC0-301F-11D3-BF4B-00C04F79EFBC}") = "Task10.12", "Task10.12\Task10.12.csproj", "{53192787-BDD3-4B5E-A69D-E7A900623FEE}"
EndProject
Global
	GlobalSection(SolutionConfigurationPlatforms) = preSolution
		Debug|Any CPU = Debug|Any CPU
		Release|Any CPU = Release|Any CPU
	EndGlobalSection
	GlobalSection(ProjectConfigurationPlatforms) = postSolution
		{7394D080-BCDF-4A41-BA6B-528B6FA97A54}.Debug|Any CPU.ActiveCfg = Debug|Any CPU
		{7394D080-BCDF-4A41-BA6B-528B6FA97A54}.Debug|Any CPU.Build.0 = Debug|Any CPU
		{7394D080-BCDF-4A41-BA6B-528B6FA97A54}.Release|Any CPU.ActiveCfg = Release|Any CPU
		{7394D080-BCDF-4A41-BA6B-528B6FA97A54}.Release|Any CPU.Build.0 = Release|Any CPU
		{52C384C7-7AEC-45F8-9E1A-9479A429419E}.Debug|Any CPU.ActiveCfg = Debug|Any CPU
		{52C384C7-7AEC-45F8-9E1A-9479A429419E}.Debug|Any CPU.Build.0 = Debug|Any CPU
		{52C384C7-7AEC-45F8-9E1A-9479A429419E}.Release|Any CPU.ActiveCfg = Release|Any CPU
		{52C384C7-7AEC-45F8-9E1A-9479A429419E}.Release|Any CPU.Build.0 = Release|Any CPU
		{3D70BB9B-A0A9-432E-A8BD-49E546F0B786}.Debug|Any CPU.ActiveCfg = Debug|Any CPU
		{3D70BB9B-A0A9-432E-A8BD-49E546F0B786}.Debug|Any CPU.Build.0 = Debug|Any CPU
		{3D70BB9B-A0A9-432E-A8BD-49E546F0B786}.Release|Any CPU.ActiveCfg = Release|Any CPU
		{3D70BB9B-A0A9-432E-A8BD-49E546F0B786}.Release|Any CPU.Build.0 = Release|Any CPU
		{A10EA6ED-D3FC-4704-B53C-ADA3C22F2C62}.Debug|Any CPU.ActiveCfg = Debug|Any CPU
		{A10EA6ED-D3FC-4704-B53C-ADA3C22F2C62}.Debug|Any CPU.Build.0 = Debug|Any CPU
		{A10EA6ED-D3FC-4704-B53C-ADA3C22F2C62}.Release|Any CPU.ActiveCfg = Release|Any CPU
		{A10EA6ED-D3FC-4704-B53C-ADA3C22F2C62}.Release|Any CPU.Build.0 = Release|Any CPU
		{ADB0E39E-448A-4A09-98B6-F77DF1754E9F}.Debug|Any CPU.ActiveCfg = Debug|Any CPU
		{ADB0E39E-448A-4A09-98B6-F77DF1754E9F}.Debug|Any CPU.Build.0 = Debug|Any CPU
		{ADB0E39E-448A-4A09-98B6-F77DF1754E9F}.Release|Any CPU.ActiveCfg = Release|Any CPU
		{ADB0E39E-448A-4A09-98B6-F77DF1754E9F}.Release|Any CPU.Build.0 = Release|Any CPU
		{4EDDA594-AEED-4375-80C6-CBDD57723E10}.Debug|Any CPU.ActiveCfg = Debug|Any CPU
		{4EDDA594-AEED-4375-80C6-CBDD57723E10}.Debug|Any CPU.Build.0 = Debug|Any CPU
		{4EDDA594-AEED-4375-80C6-CBDD57723E10}.Release|Any CPU.ActiveCfg = Release|Any CPU
		{4EDDA594-AEED-4375-80C6-CBDD57723E10}.Release|Any CPU.Build.0 = Release|Any CPU
		{4FC84C70-47A0-49FF-873B-76F4CD9D49FD}.Debug|Any CPU.ActiveCfg = Debug|Any CPU
		{4FC84C70-47A0-49FF-873B-76F4CD9D49FD}.Debug|Any CPU.Build.0 = Debug|Any CPU
		{4FC84C70-47A0-49FF-873B-76F4CD9D49FD}.Release|Any CPU.ActiveCfg = Release|Any CPU
		{4FC84C70-47A0-49FF-873B-76F4CD9D49FD}.Release|Any CPU.Build.0 = Release|Any CPU
		{BD7FA610-7A8B-41C8-8387-47892BF9F95B}.Debug|Any CPU.ActiveCfg = Debug|Any CPU
		{BD7FA610-7A8B-41C8-8387-47892BF9F95B}.Debug|Any CPU.Build.0 = Debug|Any CPU
		{BD7FA610-7A8B-41C8-8387-47892BF9F95B}.Release|Any CPU.ActiveCfg = Release|Any CPU
		{BD7FA610-7A8B-41C8-8387-47892BF9F95B}.Release|Any CPU.Build.0 = Release|Any CPU
		{53192787-BDD3-4B5E-A69D-E7A900623FEE}.Debug|Any CPU.ActiveCfg = Debug|Any CPU
		{53192787-BDD3-4B5E-A69D-E7A900623FEE}.Debug|Any CPU.Build.0 = Debug|Any CPU
		{53192787-BDD3-4B5E-A69D-E7A900623FEE}.Release|Any CPU.ActiveCfg = Release|Any CPU
		{53192787-BDD3-4B5E-A69D-E7A900623FEE}.Release|Any CPU.Build.0 = Release|Any CPU
	EndGlobalSection
	GlobalSection(SolutionProperties) = preSolution
		HideSolutionNode = FALSE
	EndGlobalSection
	GlobalSection(ExtensibilityGlobals) = postSolution
		SolutionGuid = {D4543824-9D3A-4366-B389-9AFD4F2CC88E}
	EndGlobalSection
EndGlobal
